
Microsoft Visual Studio Solution File, Format Version 12.00
# Visual Studio Version 16
VisualStudioVersion = 16.0.30804.86
MinimumVisualStudioVersion = 10.0.40219.1
Project("{FAE04EC0-301F-11D3-BF4B-00C04F79EFBC}") = "advent-of-code", "advent-of-code.csproj", "{DA5D092E-170E-4690-9D20-393DC7AF44DF}"
EndProject
Global
	GlobalSection(SolutionConfigurationPlatforms) = preSolution
		Debug|Any CPU = Debug|Any CPU
		Release|Any CPU = Release|Any CPU
	EndGlobalSection
	GlobalSection(ProjectConfigurationPlatforms) = postSolution
		{DA5D092E-170E-4690-9D20-393DC7AF44DF}.Debug|Any CPU.ActiveCfg = Debug|Any CPU
		{DA5D092E-170E-4690-9D20-393DC7AF44DF}.Debug|Any CPU.Build.0 = Debug|Any CPU
		{DA5D092E-170E-4690-9D20-393DC7AF44DF}.Release|Any CPU.ActiveCfg = Release|Any CPU
		{DA5D092E-170E-4690-9D20-393DC7AF44DF}.Release|Any CPU.Build.0 = Release|Any CPU
	EndGlobalSection
	GlobalSection(SolutionProperties) = preSolution
		HideSolutionNode = FALSE
	EndGlobalSection
	GlobalSection(ExtensibilityGlobals) = postSolution
		SolutionGuid = {CB6B7608-3C65-4628-BB83-1CB30CD6F3AB}
	EndGlobalSection
EndGlobal
